
Microsoft Visual Studio Solution File, Format Version 12.00
# Visual Studio Version 16
VisualStudioVersion = 16.0.29920.165
MinimumVisualStudioVersion = 10.0.40219.1
Project("{6EC3EE1D-3C4E-46DD-8F32-0CC8E7565705}") = "DataAccess", "DataAccess\DataAccess.fsproj", "{D3E3B4C1-1278-4E96-8B37-6FD96783FB71}"
EndProject
Project("{6EC3EE1D-3C4E-46DD-8F32-0CC8E7565705}") = "API", "API\API.fsproj", "{4A33CDBB-4320-4B5F-9C87-14E4DB96876C}"
EndProject
Global
	GlobalSection(SolutionConfigurationPlatforms) = preSolution
		Debug|Any CPU = Debug|Any CPU
		Release|Any CPU = Release|Any CPU
	EndGlobalSection
	GlobalSection(ProjectConfigurationPlatforms) = postSolution
		{D3E3B4C1-1278-4E96-8B37-6FD96783FB71}.Debug|Any CPU.ActiveCfg = Debug|Any CPU
		{D3E3B4C1-1278-4E96-8B37-6FD96783FB71}.Debug|Any CPU.Build.0 = Debug|Any CPU
		{D3E3B4C1-1278-4E96-8B37-6FD96783FB71}.Release|Any CPU.ActiveCfg = Release|Any CPU
		{D3E3B4C1-1278-4E96-8B37-6FD96783FB71}.Release|Any CPU.Build.0 = Release|Any CPU
		{4A33CDBB-4320-4B5F-9C87-14E4DB96876C}.Debug|Any CPU.ActiveCfg = Debug|Any CPU
		{4A33CDBB-4320-4B5F-9C87-14E4DB96876C}.Debug|Any CPU.Build.0 = Debug|Any CPU
		{4A33CDBB-4320-4B5F-9C87-14E4DB96876C}.Release|Any CPU.ActiveCfg = Release|Any CPU
		{4A33CDBB-4320-4B5F-9C87-14E4DB96876C}.Release|Any CPU.Build.0 = Release|Any CPU
	EndGlobalSection
	GlobalSection(SolutionProperties) = preSolution
		HideSolutionNode = FALSE
	EndGlobalSection
	GlobalSection(ExtensibilityGlobals) = postSolution
		SolutionGuid = {64EF4A2C-6308-424C-84DA-F6CAC809AE58}
	EndGlobalSection
EndGlobal
