
Microsoft Visual Studio Solution File, Format Version 12.00
# Visual Studio Version 16
VisualStudioVersion = 16.0.30011.22
MinimumVisualStudioVersion = 10.0.40219.1
Project("{9A19103F-16F7-4668-BE54-9A1E7A4F7556}") = "Deployment", "Deployment.csproj", "{509760AC-F504-4B87-857A-0420831540B9}"
EndProject
Global
	GlobalSection(SolutionConfigurationPlatforms) = preSolution
		Debug|Any CPU = Debug|Any CPU
		Release|Any CPU = Release|Any CPU
	EndGlobalSection
	GlobalSection(ProjectConfigurationPlatforms) = postSolution
		{509760AC-F504-4B87-857A-0420831540B9}.Debug|Any CPU.ActiveCfg = Debug|Any CPU
		{509760AC-F504-4B87-857A-0420831540B9}.Debug|Any CPU.Build.0 = Debug|Any CPU
		{509760AC-F504-4B87-857A-0420831540B9}.Release|Any CPU.ActiveCfg = Release|Any CPU
		{509760AC-F504-4B87-857A-0420831540B9}.Release|Any CPU.Build.0 = Release|Any CPU
	EndGlobalSection
	GlobalSection(SolutionProperties) = preSolution
		HideSolutionNode = FALSE
	EndGlobalSection
	GlobalSection(ExtensibilityGlobals) = postSolution
		SolutionGuid = {A28B8A49-4AF3-4D9F-86EF-C9764B8753AD}
	EndGlobalSection
EndGlobal
